{
  "name": "cards",
  "version": "0.1.0",
  "lockfileVersion": 1,
  "requires": true,
  "dependencies": {
    "jquery": {
      "version": "3.2.1",
      "resolved": "http://10.14.1.25:4873/jquery/-/jquery-3.2.1.tgz",
      "integrity": "sha1-XE2d5lKvbNCncBVKYxu6ErAVx4c="
    },
    "semantic-ui-css": {
      "version": "2.2.12",
      "resolved": "http://10.14.1.25:4873/semantic-ui-css/-/semantic-ui-css-2.2.12.tgz",
      "integrity": "sha512-RrA3k6hya+kEMDmVLT38SBTDQD8FgdnFi16eMPuQ1N1xUOoBxKzr+HZASb7Zo3xlMvkYqEWvPIp58Wjl6Zcsfg==",
      "requires": {
        "jquery": "3.2.1"
      }
    }
  }
}
